{
  "name": "crm-tg-app-wss",
  "version": "1.0.0",
  "lockfileVersion": 3,
  "requires": true,
  "packages": {
    "": {
      "name": "crm-tg-app-wss",
      "version": "1.0.0",
      "license": "ISC",
      "dependencies": {
        "uWebSockets.js": "github:uNetworking/uWebSockets.js#v20.55.0"
      }
    },
    "node_modules/uWebSockets.js": {
      "version": "20.55.0",
      "resolved": "git+ssh://git@github.com/uNetworking/uWebSockets.js.git#af546e5c53c957df9c9f6ba6f76f8534fcb6a505",
      "license": "Apache-2.0"
    }
  }
}
